// !$*UTF8*$!
{
	archiveVersion = 1;
	classes = {
	};
	objectVersion = 63;
	objects = {

/* Begin PBXBuildFile section */
		2CF88D772988B1BE05CDBA0D /* AtollXcodeSampleApp.swift in Sources */ = {isa = PBXBuildFile; fileRef = 3F06647A06A377B361366C7F /* AtollXcodeSampleApp.swift */; };
		2E0B3CECA4B6509AE3E428AD /* ContentView.swift in Sources */ = {isa = PBXBuildFile; fileRef = 1A29999564402B75F3EC36F9 /* ContentView.swift */; };
		F6AB8A9227CDFC52322867E1 /* AtollExtensionKit in Frameworks */ = {isa = PBXBuildFile; productRef = 15420597FDA370A9A6F2EA64 /* AtollExtensionKit */; };
/* End PBXBuildFile section */

/* Begin PBXFileReference section */
		1A29999564402B75F3EC36F9 /* ContentView.swift */ = {isa = PBXFileReference; lastKnownFileType = sourcecode.swift; path = ContentView.swift; sourceTree = "<group>"; };
		3F06647A06A377B361366C7F /* AtollXcodeSampleApp.swift */ = {isa = PBXFileReference; lastKnownFileType = sourcecode.swift; path = AtollXcodeSampleApp.swift; sourceTree = "<group>"; };
		7E2F43162F2A6A710027E974 /* Assets.xcassets */ = {isa = PBXFileReference; lastKnownFileType = folder.assetcatalog; path = Assets.xcassets; sourceTree = "<group>"; };
		E592309179B7075FDB96B520 /* AtollXcodeSampleApp.app */ = {isa = PBXFileReference; explicitFileType = wrapper.application; includeInIndex = 0; path = AtollXcodeSampleApp.app; sourceTree = BUILT_PRODUCTS_DIR; };
		F9ECA0D379D56C695A3F4CFA /* AtollExtensionKit */ = {isa = PBXFileReference; lastKnownFileType = folder; name = AtollExtensionKit; path = ../..; sourceTree = SOURCE_ROOT; };
/* End PBXFileReference section */

/* Begin PBXFrameworksBuildPhase section */
		0F0229AE4AE615BC988E6ADC /* Frameworks */ = {
			isa = PBXFrameworksBuildPhase;
			buildActionMask = 2147483647;
			files = (
				F6AB8A9227CDFC52322867E1 /* AtollExtensionKit in Frameworks */,
			);
			runOnlyForDeploymentPostprocessing = 0;
		};
/* End PBXFrameworksBuildPhase section */

/* Begin PBXGroup section */
		560BC12B400B4D6519E8E323 /* App */ = {
			isa = PBXGroup;
			children = (
				3F06647A06A377B361366C7F /* AtollXcodeSampleApp.swift */,
				1A29999564402B75F3EC36F9 /* ContentView.swift */,
			);
			name = App;
			path = Sources/App;
			sourceTree = "<group>";
		};
		7439B06036D541D8FE9787F3 /* Packages */ = {
			isa = PBXGroup;
			children = (
				F9ECA0D379D56C695A3F4CFA /* AtollExtensionKit */,
			);
			name = Packages;
			sourceTree = "<group>";
		};
		CFA96E97731253A5937267F3 /* Products */ = {
			isa = PBXGroup;
			children = (
				E592309179B7075FDB96B520 /* AtollXcodeSampleApp.app */,
			);
			name = Products;
			sourceTree = "<group>";
		};
		E8B8A18D4F20E04CCD2E21EE = {
			isa = PBXGroup;
			children = (
				7E2F43162F2A6A710027E974 /* Assets.xcassets */,
				560BC12B400B4D6519E8E323 /* App */,
				7439B06036D541D8FE9787F3 /* Packages */,
				CFA96E97731253A5937267F3 /* Products */,
			);
			sourceTree = "<group>";
		};
/* End PBXGroup section */

/* Begin PBXNativeTarget section */
		AD378D6342A15634DAFAE5EB /* AtollXcodeSampleApp */ = {
			isa = PBXNativeTarget;
			buildConfigurationList = 2800E70392DEC36FFC2097E3 /* Build configuration list for PBXNativeTarget "AtollXcodeSampleApp" */;
			buildPhases = (
				6E44F8E38AD8513D25A10007 /* Sources */,
				0F0229AE4AE615BC988E6ADC /* Frameworks */,
			);
			buildRules = (
			);
			dependencies = (
			);
			name = AtollXcodeSampleApp;
			packageProductDependencies = (
				15420597FDA370A9A6F2EA64 /* AtollExtensionKit */,
			);
			productName = AtollXcodeSampleApp;
			productReference = E592309179B7075FDB96B520 /* AtollXcodeSampleApp.app */;
			productType = "com.apple.product-type.application";
		};
/* End PBXNativeTarget section */

/* Begin PBXProject section */
		0091347C1B7FF3704378D8D0 /* Project object */ = {
			isa = PBXProject;
			attributes = {
				BuildIndependentTargetsInParallel = YES;
				LastUpgradeCheck = 1430;
				TargetAttributes = {
					AD378D6342A15634DAFAE5EB = {
						ProvisioningStyle = Automatic;
					};
				};
			};
			buildConfigurationList = 8A00BC6BCDDDBBD2C2409C7A /* Build configuration list for PBXProject "AtollXcodeSampleApp" */;
			compatibilityVersion = "Xcode 14.0";
			developmentRegion = en;
			hasScannedForEncodings = 0;
			knownRegions = (
				Base,
				en,
			);
			mainGroup = E8B8A18D4F20E04CCD2E21EE;
			minimizedProjectReferenceProxies = 1;
			packageReferences = (
				2D258EEAD03A7BC6E3168C83 /* XCLocalSwiftPackageReference "../.." */,
			);
			projectDirPath = "";
			projectRoot = "";
			targets = (
				AD378D6342A15634DAFAE5EB /* AtollXcodeSampleApp */,
			);
		};
/* End PBXProject section */

/* Begin PBXSourcesBuildPhase section */
		6E44F8E38AD8513D25A10007 /* Sources */ = {
			isa = PBXSourcesBuildPhase;
			buildActionMask = 2147483647;
			files = (
				2CF88D772988B1BE05CDBA0D /* AtollXcodeSampleApp.swift in Sources */,
				2E0B3CECA4B6509AE3E428AD /* ContentView.swift in Sources */,
			);
			runOnlyForDeploymentPostprocessing = 0;
		};
/* End PBXSourcesBuildPhase section */

/* Begin XCBuildConfiguration section */
		2BA6DFDA3B0FA37D179760AA /* Debug */ = {
			isa = XCBuildConfiguration;
			buildSettings = {
				ASSETCATALOG_COMPILER_APPICON_NAME = AppIcon;
				ASSETCATALOG_COMPILER_INCLUDE_ALL_APPICON_ASSETS = NO;
				CODE_SIGN_STYLE = Automatic;
				COMBINE_HIDPI_IMAGES = YES;
				INFOPLIST_FILE = Supporting/Info.plist;
				LD_RUNPATH_SEARCH_PATHS = (
					"$(inherited)",
					"@executable_path/../Frameworks",
				);
				PRODUCT_BUNDLE_IDENTIFIER = com.example.AtollXcodeSampleApp;
				SDKROOT = macosx;
			};
			name = Debug;
		};
		2DAD9B454EEF11CB12632685 /* Debug */ = {
			isa = XCBuildConfiguration;
			buildSettings = {
				ALWAYS_SEARCH_USER_PATHS = NO;
				CLANG_ANALYZER_NONNULL = YES;
				CLANG_ANALYZER_NUMBER_OBJECT_CONVERSION = YES_AGGRESSIVE;
				CLANG_CXX_LANGUAGE_STANDARD = "gnu++14";
				CLANG_CXX_LIBRARY = "libc++";
				CLANG_ENABLE_MODULES = YES;
				CLANG_ENABLE_OBJC_ARC = YES;
				CLANG_ENABLE_OBJC_WEAK = YES;
				CLANG_WARN_BLOCK_CAPTURE_AUTORELEASING = YES;
				CLANG_WARN_BOOL_CONVERSION = YES;
				CLANG_WARN_COMMA = YES;
				CLANG_WARN_CONSTANT_CONVERSION = YES;
				CLANG_WARN_DEPRECATED_OBJC_IMPLEMENTATIONS = YES;
				CLANG_WARN_DIRECT_OBJC_ISA_USAGE = YES_ERROR;
				CLANG_WARN_DOCUMENTATION_COMMENTS = YES;
				CLANG_WARN_EMPTY_BODY = YES;
				CLANG_WARN_ENUM_CONVERSION = YES;
				CLANG_WARN_INFINITE_RECURSION = YES;
				CLANG_WARN_INT_CONVERSION = YES;
				CLANG_WARN_NON_LITERAL_NULL_CONVERSION = YES;
				CLANG_WARN_OBJC_IMPLICIT_RETAIN_SELF = YES;
				CLANG_WARN_OBJC_LITERAL_CONVERSION = YES;
				CLANG_WARN_OBJC_ROOT_CLASS = YES_ERROR;
				CLANG_WARN_QUOTED_INCLUDE_IN_FRAMEWORK_HEADER = YES;
				CLANG_WARN_RANGE_LOOP_ANALYSIS = YES;
				CLANG_WARN_STRICT_PROTOTYPES = YES;
				CLANG_WARN_SUSPICIOUS_MOVE = YES;
				CLANG_WARN_UNGUARDED_AVAILABILITY = YES_AGGRESSIVE;
				CLANG_WARN_UNREACHABLE_CODE = YES;
				CLANG_WARN__DUPLICATE_METHOD_MATCH = YES;
				COPY_PHASE_STRIP = NO;
				DEBUG_INFORMATION_FORMAT = dwarf;
				ENABLE_STRICT_OBJC_MSGSEND = YES;
				ENABLE_TESTABILITY = YES;
				GCC_C_LANGUAGE_STANDARD = gnu11;
				GCC_DYNAMIC_NO_PIC = NO;
				GCC_NO_COMMON_BLOCKS = YES;
				GCC_OPTIMIZATION_LEVEL = 0;
				GCC_PREPROCESSOR_DEFINITIONS = (
					"$(inherited)",
					"DEBUG=1",
				);
				GCC_WARN_64_TO_32_BIT_CONVERSION = YES;
				GCC_WARN_ABOUT_RETURN_TYPE = YES_ERROR;
				GCC_WARN_UNDECLARED_SELECTOR = YES;
				GCC_WARN_UNINITIALIZED_AUTOS = YES_AGGRESSIVE;
				GCC_WARN_UNUSED_FUNCTION = YES;
				GCC_WARN_UNUSED_VARIABLE = YES;
				MACOSX_DEPLOYMENT_TARGET = 13.0;
				MTL_ENABLE_DEBUG_INFO = INCLUDE_SOURCE;
				MTL_FAST_MATH = YES;
				ONLY_ACTIVE_ARCH = YES;
				PRODUCT_NAME = "$(TARGET_NAME)";
				SDKROOT = macosx;
				SWIFT_ACTIVE_COMPILATION_CONDITIONS = DEBUG;
				SWIFT_OPTIMIZATION_LEVEL = "-Onone";
				SWIFT_VERSION = 5.0;
			};
			name = Debug;
		};
		6CB621958BD50CE6FD06DD61 /* Release */ = {
			isa = XCBuildConfiguration;
			buildSettings = {
				ALWAYS_SEARCH_USER_PATHS = NO;
				CLANG_ANALYZER_NONNULL = YES;
				CLANG_ANALYZER_NUMBER_OBJECT_CONVERSION = YES_AGGRESSIVE;
				CLANG_CXX_LANGUAGE_STANDARD = "gnu++14";
				CLANG_CXX_LIBRARY = "libc++";
				CLANG_ENABLE_MODULES = YES;
				CLANG_ENABLE_OBJC_ARC = YES;
				CLANG_ENABLE_OBJC_WEAK = YES;
				CLANG_WARN_BLOCK_CAPTURE_AUTORELEASING = YES;
				CLANG_WARN_BOOL_CONVERSION = YES;
				CLANG_WARN_COMMA = YES;
				CLANG_WARN_CONSTANT_CONVERSION = YES;
				CLANG_WARN_DEPRECATED_OBJC_IMPLEMENTATIONS = YES;
				CLANG_WARN_DIRECT_OBJC_ISA_USAGE = YES_ERROR;
				CLANG_WARN_DOCUMENTATION_COMMENTS = YES;
				CLANG_WARN_EMPTY_BODY = YES;
				CLANG_WARN_ENUM_CONVERSION = YES;
				CLANG_WARN_INFINITE_RECURSION = YES;
				CLANG_WARN_INT_CONVERSION = YES;
				CLANG_WARN_NON_LITERAL_NULL_CONVERSION = YES;
				CLANG_WARN_OBJC_IMPLICIT_RETAIN_SELF = YES;
				CLANG_WARN_OBJC_LITERAL_CONVERSION = YES;
				CLANG_WARN_OBJC_ROOT_CLASS = YES_ERROR;
				CLANG_WARN_QUOTED_INCLUDE_IN_FRAMEWORK_HEADER = YES;
				CLANG_WARN_RANGE_LOOP_ANALYSIS = YES;
				CLANG_WARN_STRICT_PROTOTYPES = YES;
				CLANG_WARN_SUSPICIOUS_MOVE = YES;
				CLANG_WARN_UNGUARDED_AVAILABILITY = YES_AGGRESSIVE;
				CLANG_WARN_UNREACHABLE_CODE = YES;
				CLANG_WARN__DUPLICATE_METHOD_MATCH = YES;
				COPY_PHASE_STRIP = NO;
				DEBUG_INFORMATION_FORMAT = "dwarf-with-dsym";
				ENABLE_NS_ASSERTIONS = NO;
				ENABLE_STRICT_OBJC_MSGSEND = YES;
				GCC_C_LANGUAGE_STANDARD = gnu11;
				GCC_NO_COMMON_BLOCKS = YES;
				GCC_WARN_64_TO_32_BIT_CONVERSION = YES;
				GCC_WARN_ABOUT_RETURN_TYPE = YES_ERROR;
				GCC_WARN_UNDECLARED_SELECTOR = YES;
				GCC_WARN_UNINITIALIZED_AUTOS = YES_AGGRESSIVE;
				GCC_WARN_UNUSED_FUNCTION = YES;
				GCC_WARN_UNUSED_VARIABLE = YES;
				MACOSX_DEPLOYMENT_TARGET = 13.0;
				MTL_ENABLE_DEBUG_INFO = NO;
				MTL_FAST_MATH = YES;
				PRODUCT_NAME = "$(TARGET_NAME)";
				SDKROOT = macosx;
				SWIFT_COMPILATION_MODE = wholemodule;
				SWIFT_OPTIMIZATION_LEVEL = "-O";
				SWIFT_VERSION = 5.0;
			};
			name = Release;
		};
		BC832994EA23CEC89283E4F5 /* Release */ = {
			isa = XCBuildConfiguration;
			buildSettings = {
				ASSETCATALOG_COMPILER_APPICON_NAME = AppIcon;
				ASSETCATALOG_COMPILER_INCLUDE_ALL_APPICON_ASSETS = NO;
				CODE_SIGN_STYLE = Automatic;
				COMBINE_HIDPI_IMAGES = YES;
				INFOPLIST_FILE = Supporting/Info.plist;
				LD_RUNPATH_SEARCH_PATHS = (
					"$(inherited)",
					"@executable_path/../Frameworks",
				);
				PRODUCT_BUNDLE_IDENTIFIER = com.example.AtollXcodeSampleApp;
				SDKROOT = macosx;
			};
			name = Release;
		};
/* End XCBuildConfiguration section */

/* Begin XCConfigurationList section */
		2800E70392DEC36FFC2097E3 /* Build configuration list for PBXNativeTarget "AtollXcodeSampleApp" */ = {
			isa = XCConfigurationList;
			buildConfigurations = (
				2BA6DFDA3B0FA37D179760AA /* Debug */,
				BC832994EA23CEC89283E4F5 /* Release */,
			);
			defaultConfigurationIsVisible = 0;
			defaultConfigurationName = Debug;
		};
		8A00BC6BCDDDBBD2C2409C7A /* Build configuration list for PBXProject "AtollXcodeSampleApp" */ = {
			isa = XCConfigurationList;
			buildConfigurations = (
				2DAD9B454EEF11CB12632685 /* Debug */,
				6CB621958BD50CE6FD06DD61 /* Release */,
			);
			defaultConfigurationIsVisible = 0;
			defaultConfigurationName = Debug;
		};
/* End XCConfigurationList section */

/* Begin XCLocalSwiftPackageReference section */
		2D258EEAD03A7BC6E3168C83 /* XCLocalSwiftPackageReference "../.." */ = {
			isa = XCLocalSwiftPackageReference;
			relativePath = ../..;
		};
/* End XCLocalSwiftPackageReference section */

/* Begin XCSwiftPackageProductDependency section */
		15420597FDA370A9A6F2EA64 /* AtollExtensionKit */ = {
			isa = XCSwiftPackageProductDependency;
			productName = AtollExtensionKit;
		};
/* End XCSwiftPackageProductDependency section */
	};
	rootObject = 0091347C1B7FF3704378D8D0 /* Project object */;
}
